
Microsoft Visual Studio Solution File, Format Version 12.00
# Visual Studio 2012
Project("{8BC9CEB8-8B4A-11D0-8D11-00A0C91BC942}") = "Bitoperationen", "Bitoperationen\Bitoperationen.vcxproj", "{15E051DB-99A2-4908-8D1A-D7071239C217}"
EndProject
Global
	GlobalSection(SolutionConfigurationPlatforms) = preSolution
		Debug|Win32 = Debug|Win32
		Release|Win32 = Release|Win32
	EndGlobalSection
	GlobalSection(ProjectConfigurationPlatforms) = postSolution
		{15E051DB-99A2-4908-8D1A-D7071239C217}.Debug|Win32.ActiveCfg = Debug|Win32
		{15E051DB-99A2-4908-8D1A-D7071239C217}.Debug|Win32.Build.0 = Debug|Win32
		{15E051DB-99A2-4908-8D1A-D7071239C217}.Release|Win32.ActiveCfg = Release|Win32
		{15E051DB-99A2-4908-8D1A-D7071239C217}.Release|Win32.Build.0 = Release|Win32
	EndGlobalSection
	GlobalSection(SolutionProperties) = preSolution
		HideSolutionNode = FALSE
	EndGlobalSection
EndGlobal
